
Microsoft Visual Studio Solution File, Format Version 12.00
# Visual Studio Version 16
VisualStudioVersion = 16.0.31424.327
MinimumVisualStudioVersion = 10.0.40219.1
Project("{FAE04EC0-301F-11D3-BF4B-00C04F79EFBC}") = "WpfApp1", "WpfApp1\WpfApp1.csproj", "{AA36CB3F-9FF5-41B2-AB11-0CB62B2CBADF}"
EndProject
Global
	GlobalSection(SolutionConfigurationPlatforms) = preSolution
		Debug|Any CPU = Debug|Any CPU
		Release|Any CPU = Release|Any CPU
	EndGlobalSection
	GlobalSection(ProjectConfigurationPlatforms) = postSolution
		{AA36CB3F-9FF5-41B2-AB11-0CB62B2CBADF}.Debug|Any CPU.ActiveCfg = Debug|Any CPU
		{AA36CB3F-9FF5-41B2-AB11-0CB62B2CBADF}.Debug|Any CPU.Build.0 = Debug|Any CPU
		{AA36CB3F-9FF5-41B2-AB11-0CB62B2CBADF}.Release|Any CPU.ActiveCfg = Release|Any CPU
		{AA36CB3F-9FF5-41B2-AB11-0CB62B2CBADF}.Release|Any CPU.Build.0 = Release|Any CPU
	EndGlobalSection
	GlobalSection(SolutionProperties) = preSolution
		HideSolutionNode = FALSE
	EndGlobalSection
	GlobalSection(ExtensibilityGlobals) = postSolution
		SolutionGuid = {C8763E6E-F603-430C-89D5-F56F9E81D754}
	EndGlobalSection
EndGlobal
