
Microsoft Visual Studio Solution File, Format Version 12.00
# Visual Studio Version 17
VisualStudioVersion = 17.7.34003.232
MinimumVisualStudioVersion = 10.0.40219.1
Project("{FAE04EC0-301F-11D3-BF4B-00C04F79EFBC}") = "LabeledTextboxControl", "LabeledTextboxControl\LabeledTextboxControl.csproj", "{F80A3432-DDCF-42D4-A742-EBF7CADB0406}"
EndProject
Project("{FAE04EC0-301F-11D3-BF4B-00C04F79EFBC}") = "EmployeeForm", "EmployeeForm\EmployeeForm.csproj", "{65017B68-5704-4E80-B82D-B3AEB46B155D}"
EndProject
Global
	GlobalSection(SolutionConfigurationPlatforms) = preSolution
		Debug|Any CPU = Debug|Any CPU
		Release|Any CPU = Release|Any CPU
	EndGlobalSection
	GlobalSection(ProjectConfigurationPlatforms) = postSolution
		{F80A3432-DDCF-42D4-A742-EBF7CADB0406}.Debug|Any CPU.ActiveCfg = Debug|Any CPU
		{F80A3432-DDCF-42D4-A742-EBF7CADB0406}.Debug|Any CPU.Build.0 = Debug|Any CPU
		{F80A3432-DDCF-42D4-A742-EBF7CADB0406}.Release|Any CPU.ActiveCfg = Release|Any CPU
		{F80A3432-DDCF-42D4-A742-EBF7CADB0406}.Release|Any CPU.Build.0 = Release|Any CPU
		{65017B68-5704-4E80-B82D-B3AEB46B155D}.Debug|Any CPU.ActiveCfg = Debug|Any CPU
		{65017B68-5704-4E80-B82D-B3AEB46B155D}.Debug|Any CPU.Build.0 = Debug|Any CPU
		{65017B68-5704-4E80-B82D-B3AEB46B155D}.Release|Any CPU.ActiveCfg = Release|Any CPU
		{65017B68-5704-4E80-B82D-B3AEB46B155D}.Release|Any CPU.Build.0 = Release|Any CPU
	EndGlobalSection
	GlobalSection(SolutionProperties) = preSolution
		HideSolutionNode = FALSE
	EndGlobalSection
	GlobalSection(ExtensibilityGlobals) = postSolution
		SolutionGuid = {DCCEF08C-D0BA-4A4F-A3EA-58EDEE2DAD1E}
	EndGlobalSection
EndGlobal
