
Microsoft Visual Studio Solution File, Format Version 12.00
# Visual Studio Version 17
VisualStudioVersion = 17.8.34309.116
MinimumVisualStudioVersion = 10.0.40219.1
Project("{FAE04EC0-301F-11D3-BF4B-00C04F79EFBC}") = "solidPrincipleDemo", "solidPrincipleDemo\solidPrincipleDemo.csproj", "{2016B659-14E4-48E3-8412-3B5C6CD86BC8}"
EndProject
Global
	GlobalSection(SolutionConfigurationPlatforms) = preSolution
		Debug|Any CPU = Debug|Any CPU
		Release|Any CPU = Release|Any CPU
	EndGlobalSection
	GlobalSection(ProjectConfigurationPlatforms) = postSolution
		{2016B659-14E4-48E3-8412-3B5C6CD86BC8}.Debug|Any CPU.ActiveCfg = Debug|Any CPU
		{2016B659-14E4-48E3-8412-3B5C6CD86BC8}.Debug|Any CPU.Build.0 = Debug|Any CPU
		{2016B659-14E4-48E3-8412-3B5C6CD86BC8}.Release|Any CPU.ActiveCfg = Release|Any CPU
		{2016B659-14E4-48E3-8412-3B5C6CD86BC8}.Release|Any CPU.Build.0 = Release|Any CPU
	EndGlobalSection
	GlobalSection(SolutionProperties) = preSolution
		HideSolutionNode = FALSE
	EndGlobalSection
	GlobalSection(ExtensibilityGlobals) = postSolution
		SolutionGuid = {2EE90D25-CD45-4519-BB0D-D964D57A88D6}
	EndGlobalSection
EndGlobal
